
Microsoft Visual Studio Solution File, Format Version 12.00
# Visual Studio Version 17
VisualStudioVersion = 17.9.34902.65
MinimumVisualStudioVersion = 10.0.40219.1
Project("{9A19103F-16F7-4668-BE54-9A1E7A4F7556}") = "MessengerAPI.Authentication", "MessengerApi.Authentication\MessengerAPI.Authentication.csproj", "{C6DAA02F-A9BB-4503-9959-AF051893D950}"
EndProject
Global
	GlobalSection(SolutionConfigurationPlatforms) = preSolution
		Debug|Any CPU = Debug|Any CPU
		Debug|x64 = Debug|x64
		Debug|x86 = Debug|x86
		Release|Any CPU = Release|Any CPU
		Release|x64 = Release|x64
		Release|x86 = Release|x86
	EndGlobalSection
	GlobalSection(ProjectConfigurationPlatforms) = postSolution
		{C6DAA02F-A9BB-4503-9959-AF051893D950}.Debug|Any CPU.ActiveCfg = Debug|Any CPU
		{C6DAA02F-A9BB-4503-9959-AF051893D950}.Debug|Any CPU.Build.0 = Debug|Any CPU
		{C6DAA02F-A9BB-4503-9959-AF051893D950}.Debug|x64.ActiveCfg = Debug|Any CPU
		{C6DAA02F-A9BB-4503-9959-AF051893D950}.Debug|x64.Build.0 = Debug|Any CPU
		{C6DAA02F-A9BB-4503-9959-AF051893D950}.Debug|x86.ActiveCfg = Debug|Any CPU
		{C6DAA02F-A9BB-4503-9959-AF051893D950}.Debug|x86.Build.0 = Debug|Any CPU
		{C6DAA02F-A9BB-4503-9959-AF051893D950}.Release|Any CPU.ActiveCfg = Release|Any CPU
		{C6DAA02F-A9BB-4503-9959-AF051893D950}.Release|Any CPU.Build.0 = Release|Any CPU
		{C6DAA02F-A9BB-4503-9959-AF051893D950}.Release|x64.ActiveCfg = Release|Any CPU
		{C6DAA02F-A9BB-4503-9959-AF051893D950}.Release|x64.Build.0 = Release|Any CPU
		{C6DAA02F-A9BB-4503-9959-AF051893D950}.Release|x86.ActiveCfg = Release|Any CPU
		{C6DAA02F-A9BB-4503-9959-AF051893D950}.Release|x86.Build.0 = Release|Any CPU
	EndGlobalSection
	GlobalSection(SolutionProperties) = preSolution
		HideSolutionNode = FALSE
	EndGlobalSection
	GlobalSection(ExtensibilityGlobals) = postSolution
		SolutionGuid = {F125E4E0-3293-4A1B-9766-BD67771FDF77}
	EndGlobalSection
EndGlobal
